
Microsoft Visual Studio Solution File, Format Version 12.00
# Visual Studio Version 17
VisualStudioVersion = 17.5.33516.290
MinimumVisualStudioVersion = 10.0.40219.1
Project("{FAE04EC0-301F-11D3-BF4B-00C04F79EFBC}") = "Clase_02", "Clase_02.csproj", "{D4842B41-76C2-4D2E-B064-A07AF76F7EDD}"
EndProject
Global
	GlobalSection(SolutionConfigurationPlatforms) = preSolution
		Debug|Any CPU = Debug|Any CPU
		Release|Any CPU = Release|Any CPU
	EndGlobalSection
	GlobalSection(ProjectConfigurationPlatforms) = postSolution
		{D4842B41-76C2-4D2E-B064-A07AF76F7EDD}.Debug|Any CPU.ActiveCfg = Debug|Any CPU
		{D4842B41-76C2-4D2E-B064-A07AF76F7EDD}.Debug|Any CPU.Build.0 = Debug|Any CPU
		{D4842B41-76C2-4D2E-B064-A07AF76F7EDD}.Release|Any CPU.ActiveCfg = Release|Any CPU
		{D4842B41-76C2-4D2E-B064-A07AF76F7EDD}.Release|Any CPU.Build.0 = Release|Any CPU
	EndGlobalSection
	GlobalSection(SolutionProperties) = preSolution
		HideSolutionNode = FALSE
	EndGlobalSection
	GlobalSection(ExtensibilityGlobals) = postSolution
		SolutionGuid = {CC65E0F1-D414-4E7F-8139-EDC33BA63635}
	EndGlobalSection
EndGlobal
